
Microsoft Visual Studio Solution File, Format Version 9.00
# Visual C# Express 2005
Project("{FAE04EC0-301F-11D3-BF4B-00C04F79EFBC}") = "InfoQuest", "InfoQuest\InfoQuest.csproj", "{372E3455-CA6B-4DFE-B067-16C30FEFB789}"
EndProject
Global
	GlobalSection(SolutionConfigurationPlatforms) = preSolution
		Debug|Any CPU = Debug|Any CPU
		Release|Any CPU = Release|Any CPU
	EndGlobalSection
	GlobalSection(ProjectConfigurationPlatforms) = postSolution
		{372E3455-CA6B-4DFE-B067-16C30FEFB789}.Debug|Any CPU.ActiveCfg = Debug|Any CPU
		{372E3455-CA6B-4DFE-B067-16C30FEFB789}.Debug|Any CPU.Build.0 = Debug|Any CPU
		{372E3455-CA6B-4DFE-B067-16C30FEFB789}.Release|Any CPU.ActiveCfg = Release|Any CPU
		{372E3455-CA6B-4DFE-B067-16C30FEFB789}.Release|Any CPU.Build.0 = Release|Any CPU
	EndGlobalSection
	GlobalSection(SolutionProperties) = preSolution
		HideSolutionNode = FALSE
	EndGlobalSection
EndGlobal
